
Microsoft Visual Studio Solution File, Format Version 12.00
# Visual Studio 15
VisualStudioVersion = 15.0.26124.0
MinimumVisualStudioVersion = 15.0.26124.0
Project("{9A19103F-16F7-4668-BE54-9A1E7A4F7556}") = "R5T.Bath.Console.Standard.Construction", "R5T.Bath.Console.Standard.Construction\R5T.Bath.Console.Standard.Construction.csproj", "{9B2DCF2A-302C-4728-91BB-40E84F1A2C60}"
EndProject
Project("{9A19103F-16F7-4668-BE54-9A1E7A4F7556}") = "R5T.Bath.Console.Standard", "R5T.Bath.Console.Standard\R5T.Bath.Console.Standard.csproj", "{EC1AB386-8DCE-4933-8E6C-54D145B30A20}"
EndProject
Project("{9A19103F-16F7-4668-BE54-9A1E7A4F7556}") = "R5T.Bath.Console.Standard.Testing", "R5T.Bath.Console.Standard.Testing\R5T.Bath.Console.Standard.Testing.csproj", "{CF0EF627-5C27-483C-8CB4-ACE27F4BA70D}"
EndProject
Project("{9A19103F-16F7-4668-BE54-9A1E7A4F7556}") = "R5T.Bath.Console", "..\..\R5T.Bath.Console\source\R5T.Bath.Console\R5T.Bath.Console.csproj", "{50F1FB61-D6EF-4D0C-8938-57BB3D11656B}"
EndProject
Project("{2150E333-8FDC-42A3-9474-1A3956D46DE8}") = "_Dependencies", "_Dependencies", "{3763A3E3-B7CC-4A2C-958D-A33C89A3E8F5}"
EndProject
Project("{9A19103F-16F7-4668-BE54-9A1E7A4F7556}") = "R5T.Dacia", "..\..\R5T.Dacia\source\R5T.Dacia\R5T.Dacia.csproj", "{E4F69E8B-A6A1-472E-B7A9-D3E64EBDE935}"
EndProject
Project("{9A19103F-16F7-4668-BE54-9A1E7A4F7556}") = "R5T.Bath.Default", "..\..\R5T.Bath.Default\source\R5T.Bath.Default\R5T.Bath.Default.csproj", "{809219FF-6770-4B51-AE5A-7DE527ECAB4E}"
EndProject
Project("{9A19103F-16F7-4668-BE54-9A1E7A4F7556}") = "R5T.Bath.Base", "..\..\R5T.Bath.Base\source\R5T.Bath.Base\R5T.Bath.Base.csproj", "{85743555-9405-4DE9-AD7C-AB6ABE74043A}"
EndProject
Global
	GlobalSection(SolutionConfigurationPlatforms) = preSolution
		Debug|Any CPU = Debug|Any CPU
		Debug|x64 = Debug|x64
		Debug|x86 = Debug|x86
		Release|Any CPU = Release|Any CPU
		Release|x64 = Release|x64
		Release|x86 = Release|x86
	EndGlobalSection
	GlobalSection(ProjectConfigurationPlatforms) = postSolution
		{9B2DCF2A-302C-4728-91BB-40E84F1A2C60}.Debug|Any CPU.ActiveCfg = Debug|Any CPU
		{9B2DCF2A-302C-4728-91BB-40E84F1A2C60}.Debug|Any CPU.Build.0 = Debug|Any CPU
		{9B2DCF2A-302C-4728-91BB-40E84F1A2C60}.Debug|x64.ActiveCfg = Debug|Any CPU
		{9B2DCF2A-302C-4728-91BB-40E84F1A2C60}.Debug|x64.Build.0 = Debug|Any CPU
		{9B2DCF2A-302C-4728-91BB-40E84F1A2C60}.Debug|x86.ActiveCfg = Debug|Any CPU
		{9B2DCF2A-302C-4728-91BB-40E84F1A2C60}.Debug|x86.Build.0 = Debug|Any CPU
		{9B2DCF2A-302C-4728-91BB-40E84F1A2C60}.Release|Any CPU.ActiveCfg = Release|Any CPU
		{9B2DCF2A-302C-4728-91BB-40E84F1A2C60}.Release|Any CPU.Build.0 = Release|Any CPU
		{9B2DCF2A-302C-4728-91BB-40E84F1A2C60}.Release|x64.ActiveCfg = Release|Any CPU
		{9B2DCF2A-302C-4728-91BB-40E84F1A2C60}.Release|x64.Build.0 = Release|Any CPU
		{9B2DCF2A-302C-4728-91BB-40E84F1A2C60}.Release|x86.ActiveCfg = Release|Any CPU
		{9B2DCF2A-302C-4728-91BB-40E84F1A2C60}.Release|x86.Build.0 = Release|Any CPU
		{EC1AB386-8DCE-4933-8E6C-54D145B30A20}.Debug|Any CPU.ActiveCfg = Debug|Any CPU
		{EC1AB386-8DCE-4933-8E6C-54D145B30A20}.Debug|Any CPU.Build.0 = Debug|Any CPU
		{EC1AB386-8DCE-4933-8E6C-54D145B30A20}.Debug|x64.ActiveCfg = Debug|Any CPU
		{EC1AB386-8DCE-4933-8E6C-54D145B30A20}.Debug|x64.Build.0 = Debug|Any CPU
		{EC1AB386-8DCE-4933-8E6C-54D145B30A20}.Debug|x86.ActiveCfg = Debug|Any CPU
		{EC1AB386-8DCE-4933-8E6C-54D145B30A20}.Debug|x86.Build.0 = Debug|Any CPU
		{EC1AB386-8DCE-4933-8E6C-54D145B30A20}.Release|Any CPU.ActiveCfg = Release|Any CPU
		{EC1AB386-8DCE-4933-8E6C-54D145B30A20}.Release|Any CPU.Build.0 = Release|Any CPU
		{EC1AB386-8DCE-4933-8E6C-54D145B30A20}.Release|x64.ActiveCfg = Release|Any CPU
		{EC1AB386-8DCE-4933-8E6C-54D145B30A20}.Release|x64.Build.0 = Release|Any CPU
		{EC1AB386-8DCE-4933-8E6C-54D145B30A20}.Release|x86.ActiveCfg = Release|Any CPU
		{EC1AB386-8DCE-4933-8E6C-54D145B30A20}.Release|x86.Build.0 = Release|Any CPU
		{CF0EF627-5C27-483C-8CB4-ACE27F4BA70D}.Debug|Any CPU.ActiveCfg = Debug|Any CPU
		{CF0EF627-5C27-483C-8CB4-ACE27F4BA70D}.Debug|Any CPU.Build.0 = Debug|Any CPU
		{CF0EF627-5C27-483C-8CB4-ACE27F4BA70D}.Debug|x64.ActiveCfg = Debug|Any CPU
		{CF0EF627-5C27-483C-8CB4-ACE27F4BA70D}.Debug|x64.Build.0 = Debug|Any CPU
		{CF0EF627-5C27-483C-8CB4-ACE27F4BA70D}.Debug|x86.ActiveCfg = Debug|Any CPU
		{CF0EF627-5C27-483C-8CB4-ACE27F4BA70D}.Debug|x86.Build.0 = Debug|Any CPU
		{CF0EF627-5C27-483C-8CB4-ACE27F4BA70D}.Release|Any CPU.ActiveCfg = Release|Any CPU
		{CF0EF627-5C27-483C-8CB4-ACE27F4BA70D}.Release|Any CPU.Build.0 = Release|Any CPU
		{CF0EF627-5C27-483C-8CB4-ACE27F4BA70D}.Release|x64.ActiveCfg = Release|Any CPU
		{CF0EF627-5C27-483C-8CB4-ACE27F4BA70D}.Release|x64.Build.0 = Release|Any CPU
		{CF0EF627-5C27-483C-8CB4-ACE27F4BA70D}.Release|x86.ActiveCfg = Release|Any CPU
		{CF0EF627-5C27-483C-8CB4-ACE27F4BA70D}.Release|x86.Build.0 = Release|Any CPU
		{50F1FB61-D6EF-4D0C-8938-57BB3D11656B}.Debug|Any CPU.ActiveCfg = Debug|Any CPU
		{50F1FB61-D6EF-4D0C-8938-57BB3D11656B}.Debug|Any CPU.Build.0 = Debug|Any CPU
		{50F1FB61-D6EF-4D0C-8938-57BB3D11656B}.Debug|x64.ActiveCfg = Debug|Any CPU
		{50F1FB61-D6EF-4D0C-8938-57BB3D11656B}.Debug|x64.Build.0 = Debug|Any CPU
		{50F1FB61-D6EF-4D0C-8938-57BB3D11656B}.Debug|x86.ActiveCfg = Debug|Any CPU
		{50F1FB61-D6EF-4D0C-8938-57BB3D11656B}.Debug|x86.Build.0 = Debug|Any CPU
		{50F1FB61-D6EF-4D0C-8938-57BB3D11656B}.Release|Any CPU.ActiveCfg = Release|Any CPU
		{50F1FB61-D6EF-4D0C-8938-57BB3D11656B}.Release|Any CPU.Build.0 = Release|Any CPU
		{50F1FB61-D6EF-4D0C-8938-57BB3D11656B}.Release|x64.ActiveCfg = Release|Any CPU
		{50F1FB61-D6EF-4D0C-8938-57BB3D11656B}.Release|x64.Build.0 = Release|Any CPU
		{50F1FB61-D6EF-4D0C-8938-57BB3D11656B}.Release|x86.ActiveCfg = Release|Any CPU
		{50F1FB61-D6EF-4D0C-8938-57BB3D11656B}.Release|x86.Build.0 = Release|Any CPU
		{E4F69E8B-A6A1-472E-B7A9-D3E64EBDE935}.Debug|Any CPU.ActiveCfg = Debug|Any CPU
		{E4F69E8B-A6A1-472E-B7A9-D3E64EBDE935}.Debug|Any CPU.Build.0 = Debug|Any CPU
		{E4F69E8B-A6A1-472E-B7A9-D3E64EBDE935}.Debug|x64.ActiveCfg = Debug|Any CPU
		{E4F69E8B-A6A1-472E-B7A9-D3E64EBDE935}.Debug|x64.Build.0 = Debug|Any CPU
		{E4F69E8B-A6A1-472E-B7A9-D3E64EBDE935}.Debug|x86.ActiveCfg = Debug|Any CPU
		{E4F69E8B-A6A1-472E-B7A9-D3E64EBDE935}.Debug|x86.Build.0 = Debug|Any CPU
		{E4F69E8B-A6A1-472E-B7A9-D3E64EBDE935}.Release|Any CPU.ActiveCfg = Release|Any CPU
		{E4F69E8B-A6A1-472E-B7A9-D3E64EBDE935}.Release|Any CPU.Build.0 = Release|Any CPU
		{E4F69E8B-A6A1-472E-B7A9-D3E64EBDE935}.Release|x64.ActiveCfg = Release|Any CPU
		{E4F69E8B-A6A1-472E-B7A9-D3E64EBDE935}.Release|x64.Build.0 = Release|Any CPU
		{E4F69E8B-A6A1-472E-B7A9-D3E64EBDE935}.Release|x86.ActiveCfg = Release|Any CPU
		{E4F69E8B-A6A1-472E-B7A9-D3E64EBDE935}.Release|x86.Build.0 = Release|Any CPU
		{809219FF-6770-4B51-AE5A-7DE527ECAB4E}.Debug|Any CPU.ActiveCfg = Debug|Any CPU
		{809219FF-6770-4B51-AE5A-7DE527ECAB4E}.Debug|Any CPU.Build.0 = Debug|Any CPU
		{809219FF-6770-4B51-AE5A-7DE527ECAB4E}.Debug|x64.ActiveCfg = Debug|Any CPU
		{809219FF-6770-4B51-AE5A-7DE527ECAB4E}.Debug|x64.Build.0 = Debug|Any CPU
		{809219FF-6770-4B51-AE5A-7DE527ECAB4E}.Debug|x86.ActiveCfg = Debug|Any CPU
		{809219FF-6770-4B51-AE5A-7DE527ECAB4E}.Debug|x86.Build.0 = Debug|Any CPU
		{809219FF-6770-4B51-AE5A-7DE527ECAB4E}.Release|Any CPU.ActiveCfg = Release|Any CPU
		{809219FF-6770-4B51-AE5A-7DE527ECAB4E}.Release|Any CPU.Build.0 = Release|Any CPU
		{809219FF-6770-4B51-AE5A-7DE527ECAB4E}.Release|x64.ActiveCfg = Release|Any CPU
		{809219FF-6770-4B51-AE5A-7DE527ECAB4E}.Release|x64.Build.0 = Release|Any CPU
		{809219FF-6770-4B51-AE5A-7DE527ECAB4E}.Release|x86.ActiveCfg = Release|Any CPU
		{809219FF-6770-4B51-AE5A-7DE527ECAB4E}.Release|x86.Build.0 = Release|Any CPU
		{85743555-9405-4DE9-AD7C-AB6ABE74043A}.Debug|Any CPU.ActiveCfg = Debug|Any CPU
		{85743555-9405-4DE9-AD7C-AB6ABE74043A}.Debug|Any CPU.Build.0 = Debug|Any CPU
		{85743555-9405-4DE9-AD7C-AB6ABE74043A}.Debug|x64.ActiveCfg = Debug|Any CPU
		{85743555-9405-4DE9-AD7C-AB6ABE74043A}.Debug|x64.Build.0 = Debug|Any CPU
		{85743555-9405-4DE9-AD7C-AB6ABE74043A}.Debug|x86.ActiveCfg = Debug|Any CPU
		{85743555-9405-4DE9-AD7C-AB6ABE74043A}.Debug|x86.Build.0 = Debug|Any CPU
		{85743555-9405-4DE9-AD7C-AB6ABE74043A}.Release|Any CPU.ActiveCfg = Release|Any CPU
		{85743555-9405-4DE9-AD7C-AB6ABE74043A}.Release|Any CPU.Build.0 = Release|Any CPU
		{85743555-9405-4DE9-AD7C-AB6ABE74043A}.Release|x64.ActiveCfg = Release|Any CPU
		{85743555-9405-4DE9-AD7C-AB6ABE74043A}.Release|x64.Build.0 = Release|Any CPU
		{85743555-9405-4DE9-AD7C-AB6ABE74043A}.Release|x86.ActiveCfg = Release|Any CPU
		{85743555-9405-4DE9-AD7C-AB6ABE74043A}.Release|x86.Build.0 = Release|Any CPU
	EndGlobalSection
	GlobalSection(SolutionProperties) = preSolution
		HideSolutionNode = FALSE
	EndGlobalSection
	GlobalSection(NestedProjects) = preSolution
		{50F1FB61-D6EF-4D0C-8938-57BB3D11656B} = {3763A3E3-B7CC-4A2C-958D-A33C89A3E8F5}
		{E4F69E8B-A6A1-472E-B7A9-D3E64EBDE935} = {3763A3E3-B7CC-4A2C-958D-A33C89A3E8F5}
		{809219FF-6770-4B51-AE5A-7DE527ECAB4E} = {3763A3E3-B7CC-4A2C-958D-A33C89A3E8F5}
		{85743555-9405-4DE9-AD7C-AB6ABE74043A} = {3763A3E3-B7CC-4A2C-958D-A33C89A3E8F5}
	EndGlobalSection
	GlobalSection(ExtensibilityGlobals) = postSolution
		SolutionGuid = {7F6CBE54-F414-46EB-965E-3EAA9E0E26D8}
	EndGlobalSection
EndGlobal
